
Microsoft Visual Studio Solution File, Format Version 12.00
# Visual Studio Version 17
VisualStudioVersion = 17.14.36717.8 d17.14
MinimumVisualStudioVersion = 10.0.40219.1
Project("{FAE04EC0-301F-11D3-BF4B-00C04F79EFBC}") = "ApiAlunosProxy", "ApiAlunosProxy.csproj", "{5E63F7E8-890B-4FBD-82AF-95AEA57F45A5}"
EndProject
Project("{2150E333-8FDC-42A3-9474-1A3956D46DE8}") = "Services", "Services", "{02EA681E-C7D8-13C7-8484-4AC65E1B71E8}"
	ProjectSection(SolutionItems) = preProject
		AlunosService.cs = AlunosService.cs
	EndProjectSection
EndProject
Project("{2150E333-8FDC-42A3-9474-1A3956D46DE8}") = "Models", "Models", "{BE2029F8-B387-4B5E-9BDC-A1E3C8670869}"
	ProjectSection(SolutionItems) = preProject
		Aluno.cs = Aluno.cs
	EndProjectSection
EndProject
Global
	GlobalSection(SolutionConfigurationPlatforms) = preSolution
		Debug|Any CPU = Debug|Any CPU
		Release|Any CPU = Release|Any CPU
	EndGlobalSection
	GlobalSection(ProjectConfigurationPlatforms) = postSolution
		{5E63F7E8-890B-4FBD-82AF-95AEA57F45A5}.Debug|Any CPU.ActiveCfg = Debug|Any CPU
		{5E63F7E8-890B-4FBD-82AF-95AEA57F45A5}.Debug|Any CPU.Build.0 = Debug|Any CPU
		{5E63F7E8-890B-4FBD-82AF-95AEA57F45A5}.Release|Any CPU.ActiveCfg = Release|Any CPU
		{5E63F7E8-890B-4FBD-82AF-95AEA57F45A5}.Release|Any CPU.Build.0 = Release|Any CPU
	EndGlobalSection
	GlobalSection(SolutionProperties) = preSolution
		HideSolutionNode = FALSE
	EndGlobalSection
	GlobalSection(ExtensibilityGlobals) = postSolution
		SolutionGuid = {1DC4CF42-A4A6-4363-9EB0-2F20F8C2A1A0}
	EndGlobalSection
EndGlobal
